
Microsoft Visual Studio Solution File, Format Version 12.00
# Visual Studio Version 17
VisualStudioVersion = 17.6.33801.468
MinimumVisualStudioVersion = 10.0.40219.1
Project("{2150E333-8FDC-42A3-9474-1A3956D46DE8}") = "Presentation", "Presentation", "{05004081-90EE-4044-BDED-2910A5232633}"
EndProject
Project("{2150E333-8FDC-42A3-9474-1A3956D46DE8}") = "Doc", "Doc", "{FA370F5B-13E2-4CD6-A3FF-5722268B0D06}"
EndProject
Project("{2150E333-8FDC-42A3-9474-1A3956D46DE8}") = "Src", "Src", "{B731727C-AF0E-4578-BDA7-091F5A273A62}"
EndProject
Project("{2150E333-8FDC-42A3-9474-1A3956D46DE8}") = "Test", "Test", "{1A9E0248-E29C-4D82-9D53-4EE255A3098C}"
EndProject
Project("{2150E333-8FDC-42A3-9474-1A3956D46DE8}") = "Infrastructure", "Infrastructure", "{60908417-BC57-45DB-9645-065644284805}"
EndProject
Project("{2150E333-8FDC-42A3-9474-1A3956D46DE8}") = "Core", "Core", "{8D23A075-090F-47AB-A5A1-CA75D7D73C8F}"
EndProject
Project("{2150E333-8FDC-42A3-9474-1A3956D46DE8}") = "Common", "Common", "{F8D653D0-FCC1-42EA-94DD-F6286E23D9F1}"
EndProject
Project("{9A19103F-16F7-4668-BE54-9A1E7A4F7556}") = "Task.Common", "Task.Common\Task.Common.csproj", "{CC477B9C-8966-426E-B581-8B4100E02F9C}"
EndProject
Project("{9A19103F-16F7-4668-BE54-9A1E7A4F7556}") = "Task.Application", "Task.Application\Task.Application.csproj", "{74736703-30FA-4261-85F6-7D2E96914115}"
EndProject
Project("{9A19103F-16F7-4668-BE54-9A1E7A4F7556}") = "Task.Domain", "Task.Domain\Task.Domain.csproj", "{11897858-D407-409B-ACA3-C8B1760A0840}"
EndProject
Project("{9A19103F-16F7-4668-BE54-9A1E7A4F7556}") = "Task.Infrastructure", "Task.Infrastructure\Task.Infrastructure.csproj", "{E6D4A4A4-D98F-48D8-AE62-C37105D094A7}"
EndProject
Project("{9A19103F-16F7-4668-BE54-9A1E7A4F7556}") = "Task.Persistence", "Task.Persistence\Task.Persistence.csproj", "{B1EA653F-FAE5-4903-9EBA-38DE78E740B5}"
EndProject
Project("{FAE04EC0-301F-11D3-BF4B-00C04F79EFBC}") = "EndPoint.Tasks", "EndPoint.Tasks\EndPoint.Tasks.csproj", "{FF190C9A-6B83-4F00-AAC6-329475A85671}"
EndProject
Global
	GlobalSection(SolutionConfigurationPlatforms) = preSolution
		Debug|Any CPU = Debug|Any CPU
		Release|Any CPU = Release|Any CPU
	EndGlobalSection
	GlobalSection(ProjectConfigurationPlatforms) = postSolution
		{CC477B9C-8966-426E-B581-8B4100E02F9C}.Debug|Any CPU.ActiveCfg = Debug|Any CPU
		{CC477B9C-8966-426E-B581-8B4100E02F9C}.Debug|Any CPU.Build.0 = Debug|Any CPU
		{CC477B9C-8966-426E-B581-8B4100E02F9C}.Release|Any CPU.ActiveCfg = Release|Any CPU
		{CC477B9C-8966-426E-B581-8B4100E02F9C}.Release|Any CPU.Build.0 = Release|Any CPU
		{74736703-30FA-4261-85F6-7D2E96914115}.Debug|Any CPU.ActiveCfg = Debug|Any CPU
		{74736703-30FA-4261-85F6-7D2E96914115}.Debug|Any CPU.Build.0 = Debug|Any CPU
		{74736703-30FA-4261-85F6-7D2E96914115}.Release|Any CPU.ActiveCfg = Release|Any CPU
		{74736703-30FA-4261-85F6-7D2E96914115}.Release|Any CPU.Build.0 = Release|Any CPU
		{11897858-D407-409B-ACA3-C8B1760A0840}.Debug|Any CPU.ActiveCfg = Debug|Any CPU
		{11897858-D407-409B-ACA3-C8B1760A0840}.Debug|Any CPU.Build.0 = Debug|Any CPU
		{11897858-D407-409B-ACA3-C8B1760A0840}.Release|Any CPU.ActiveCfg = Release|Any CPU
		{11897858-D407-409B-ACA3-C8B1760A0840}.Release|Any CPU.Build.0 = Release|Any CPU
		{E6D4A4A4-D98F-48D8-AE62-C37105D094A7}.Debug|Any CPU.ActiveCfg = Debug|Any CPU
		{E6D4A4A4-D98F-48D8-AE62-C37105D094A7}.Debug|Any CPU.Build.0 = Debug|Any CPU
		{E6D4A4A4-D98F-48D8-AE62-C37105D094A7}.Release|Any CPU.ActiveCfg = Release|Any CPU
		{E6D4A4A4-D98F-48D8-AE62-C37105D094A7}.Release|Any CPU.Build.0 = Release|Any CPU
		{B1EA653F-FAE5-4903-9EBA-38DE78E740B5}.Debug|Any CPU.ActiveCfg = Debug|Any CPU
		{B1EA653F-FAE5-4903-9EBA-38DE78E740B5}.Debug|Any CPU.Build.0 = Debug|Any CPU
		{B1EA653F-FAE5-4903-9EBA-38DE78E740B5}.Release|Any CPU.ActiveCfg = Release|Any CPU
		{B1EA653F-FAE5-4903-9EBA-38DE78E740B5}.Release|Any CPU.Build.0 = Release|Any CPU
		{FF190C9A-6B83-4F00-AAC6-329475A85671}.Debug|Any CPU.ActiveCfg = Debug|Any CPU
		{FF190C9A-6B83-4F00-AAC6-329475A85671}.Debug|Any CPU.Build.0 = Debug|Any CPU
		{FF190C9A-6B83-4F00-AAC6-329475A85671}.Release|Any CPU.ActiveCfg = Release|Any CPU
		{FF190C9A-6B83-4F00-AAC6-329475A85671}.Release|Any CPU.Build.0 = Release|Any CPU
	EndGlobalSection
	GlobalSection(SolutionProperties) = preSolution
		HideSolutionNode = FALSE
	EndGlobalSection
	GlobalSection(NestedProjects) = preSolution
		{05004081-90EE-4044-BDED-2910A5232633} = {B731727C-AF0E-4578-BDA7-091F5A273A62}
		{60908417-BC57-45DB-9645-065644284805} = {B731727C-AF0E-4578-BDA7-091F5A273A62}
		{8D23A075-090F-47AB-A5A1-CA75D7D73C8F} = {B731727C-AF0E-4578-BDA7-091F5A273A62}
		{F8D653D0-FCC1-42EA-94DD-F6286E23D9F1} = {B731727C-AF0E-4578-BDA7-091F5A273A62}
		{CC477B9C-8966-426E-B581-8B4100E02F9C} = {F8D653D0-FCC1-42EA-94DD-F6286E23D9F1}
		{74736703-30FA-4261-85F6-7D2E96914115} = {8D23A075-090F-47AB-A5A1-CA75D7D73C8F}
		{11897858-D407-409B-ACA3-C8B1760A0840} = {8D23A075-090F-47AB-A5A1-CA75D7D73C8F}
		{E6D4A4A4-D98F-48D8-AE62-C37105D094A7} = {60908417-BC57-45DB-9645-065644284805}
		{B1EA653F-FAE5-4903-9EBA-38DE78E740B5} = {60908417-BC57-45DB-9645-065644284805}
		{FF190C9A-6B83-4F00-AAC6-329475A85671} = {05004081-90EE-4044-BDED-2910A5232633}
	EndGlobalSection
	GlobalSection(ExtensibilityGlobals) = postSolution
		SolutionGuid = {7C5A7C73-6415-46B4-973A-070524C01D7B}
	EndGlobalSection
EndGlobal
